// !$*UTF8*$!
{
	archiveVersion = 1;
	classes = {
	};
	objectVersion = 46;
	objects = {

/* Begin PBXBuildFile section */
		A8259F5E1D5AC6B60030A30E /* main.m in Sources */ = {isa = PBXBuildFile; fileRef = A8259F5D1D5AC6B60030A30E /* main.m */; };
		A8259F611D5AC6B60030A30E /* AppDelegate.m in Sources */ = {isa = PBXBuildFile; fileRef = A8259F601D5AC6B60030A30E /* AppDelegate.m */; };
		A8259F641D5AC6B60030A30E /* ViewController.m in Sources */ = {isa = PBXBuildFile; fileRef = A8259F631D5AC6B60030A30E /* ViewController.m */; };
		A8259F671D5AC6B60030A30E /* Main.storyboard in Resources */ = {isa = PBXBuildFile; fileRef = A8259F651D5AC6B60030A30E /* Main.storyboard */; };
		A8259F691D5AC6B60030A30E /* Assets.xcassets in Resources */ = {isa = PBXBuildFile; fileRef = A8259F681D5AC6B60030A30E /* Assets.xcassets */; };
		A8259F6C1D5AC6B60030A30E /* LaunchScreen.storyboard in Resources */ = {isa = PBXBuildFile; fileRef = A8259F6A1D5AC6B60030A30E /* LaunchScreen.storyboard */; };
		A8259F771D5AC6B60030A30E /* AddressbookDemoUITests.m in Sources */ = {isa = PBXBuildFile; fileRef = A8259F761D5AC6B60030A30E /* AddressbookDemoUITests.m */; };
		A8259F831D5AC6FB0030A30E /* AddressBookManager.m in Sources */ = {isa = PBXBuildFile; fileRef = A8259F821D5AC6FB0030A30E /* AddressBookManager.m */; };
		A8259F881D5AC8F80030A30E /* AddressBook.framework in Frameworks */ = {isa = PBXBuildFile; fileRef = A8259F871D5AC8F80030A30E /* AddressBook.framework */; };
/* End PBXBuildFile section */

/* Begin PBXContainerItemProxy section */
		A8259F731D5AC6B60030A30E /* PBXContainerItemProxy */ = {
			isa = PBXContainerItemProxy;
			containerPortal = A8259F511D5AC6B60030A30E /* Project object */;
			proxyType = 1;
			remoteGlobalIDString = A8259F581D5AC6B60030A30E;
			remoteInfo = AddressbookDemo;
		};
/* End PBXContainerItemProxy section */

/* Begin PBXFileReference section */
		A8259F591D5AC6B60030A30E /* AddressbookDemo.app */ = {isa = PBXFileReference; explicitFileType = wrapper.application; includeInIndex = 0; path = AddressbookDemo.app; sourceTree = BUILT_PRODUCTS_DIR; };
		A8259F5D1D5AC6B60030A30E /* main.m */ = {isa = PBXFileReference; lastKnownFileType = sourcecode.c.objc; path = main.m; sourceTree = "<group>"; };
		A8259F5F1D5AC6B60030A30E /* AppDelegate.h */ = {isa = PBXFileReference; lastKnownFileType = sourcecode.c.h; path = AppDelegate.h; sourceTree = "<group>"; };
		A8259F601D5AC6B60030A30E /* AppDelegate.m */ = {isa = PBXFileReference; lastKnownFileType = sourcecode.c.objc; path = AppDelegate.m; sourceTree = "<group>"; };
		A8259F621D5AC6B60030A30E /* ViewController.h */ = {isa = PBXFileReference; lastKnownFileType = sourcecode.c.h; path = ViewController.h; sourceTree = "<group>"; };
		A8259F631D5AC6B60030A30E /* ViewController.m */ = {isa = PBXFileReference; lastKnownFileType = sourcecode.c.objc; path = ViewController.m; sourceTree = "<group>"; };
		A8259F661D5AC6B60030A30E /* Base */ = {isa = PBXFileReference; lastKnownFileType = file.storyboard; name = Base; path = Base.lproj/Main.storyboard; sourceTree = "<group>"; };
		A8259F681D5AC6B60030A30E /* Assets.xcassets */ = {isa = PBXFileReference; lastKnownFileType = folder.assetcatalog; path = Assets.xcassets; sourceTree = "<group>"; };
		A8259F6B1D5AC6B60030A30E /* Base */ = {isa = PBXFileReference; lastKnownFileType = file.storyboard; name = Base; path = Base.lproj/LaunchScreen.storyboard; sourceTree = "<group>"; };
		A8259F6D1D5AC6B60030A30E /* Info.plist */ = {isa = PBXFileReference; lastKnownFileType = text.plist.xml; path = Info.plist; sourceTree = "<group>"; };
		A8259F721D5AC6B60030A30E /* AddressbookDemoUITests.xctest */ = {isa = PBXFileReference; explicitFileType = wrapper.cfbundle; includeInIndex = 0; path = AddressbookDemoUITests.xctest; sourceTree = BUILT_PRODUCTS_DIR; };
		A8259F761D5AC6B60030A30E /* AddressbookDemoUITests.m */ = {isa = PBXFileReference; lastKnownFileType = sourcecode.c.objc; path = AddressbookDemoUITests.m; sourceTree = "<group>"; };
		A8259F781D5AC6B60030A30E /* Info.plist */ = {isa = PBXFileReference; lastKnownFileType = text.plist.xml; path = Info.plist; sourceTree = "<group>"; };
		A8259F811D5AC6FB0030A30E /* AddressBookManager.h */ = {isa = PBXFileReference; fileEncoding = 4; lastKnownFileType = sourcecode.c.h; path = AddressBookManager.h; sourceTree = "<group>"; };
		A8259F821D5AC6FB0030A30E /* AddressBookManager.m */ = {isa = PBXFileReference; fileEncoding = 4; lastKnownFileType = sourcecode.c.objc; path = AddressBookManager.m; sourceTree = "<group>"; };
		A8259F871D5AC8F80030A30E /* AddressBook.framework */ = {isa = PBXFileReference; lastKnownFileType = wrapper.framework; name = AddressBook.framework; path = System/Library/Frameworks/AddressBook.framework; sourceTree = SDKROOT; };
/* End PBXFileReference section */

/* Begin PBXFrameworksBuildPhase section */
		A8259F561D5AC6B60030A30E /* Frameworks */ = {
			isa = PBXFrameworksBuildPhase;
			buildActionMask = 2147483647;
			files = (
				A8259F881D5AC8F80030A30E /* AddressBook.framework in Frameworks */,
			);
			runOnlyForDeploymentPostprocessing = 0;
		};
		A8259F6F1D5AC6B60030A30E /* Frameworks */ = {
			isa = PBXFrameworksBuildPhase;
			buildActionMask = 2147483647;
			files = (
			);
			runOnlyForDeploymentPostprocessing = 0;
		};
/* End PBXFrameworksBuildPhase section */

/* Begin PBXGroup section */
		A8259F501D5AC6B60030A30E = {
			isa = PBXGroup;
			children = (
				A8259F861D5AC8E10030A30E /* Framework */,
				A8259F5B1D5AC6B60030A30E /* AddressbookDemo */,
				A8259F751D5AC6B60030A30E /* AddressbookDemoUITests */,
				A8259F5A1D5AC6B60030A30E /* Products */,
			);
			sourceTree = "<group>";
		};
		A8259F5A1D5AC6B60030A30E /* Products */ = {
			isa = PBXGroup;
			children = (
				A8259F591D5AC6B60030A30E /* AddressbookDemo.app */,
				A8259F721D5AC6B60030A30E /* AddressbookDemoUITests.xctest */,
			);
			name = Products;
			sourceTree = "<group>";
		};
		A8259F5B1D5AC6B60030A30E /* AddressbookDemo */ = {
			isa = PBXGroup;
			children = (
				A8259F5F1D5AC6B60030A30E /* AppDelegate.h */,
				A8259F601D5AC6B60030A30E /* AppDelegate.m */,
				A8259F621D5AC6B60030A30E /* ViewController.h */,
				A8259F631D5AC6B60030A30E /* ViewController.m */,
				A8259F811D5AC6FB0030A30E /* AddressBookManager.h */,
				A8259F821D5AC6FB0030A30E /* AddressBookManager.m */,
				A8259F651D5AC6B60030A30E /* Main.storyboard */,
				A8259F681D5AC6B60030A30E /* Assets.xcassets */,
				A8259F6A1D5AC6B60030A30E /* LaunchScreen.storyboard */,
				A8259F6D1D5AC6B60030A30E /* Info.plist */,
				A8259F5C1D5AC6B60030A30E /* Supporting Files */,
			);
			path = AddressbookDemo;
			sourceTree = "<group>";
		};
		A8259F5C1D5AC6B60030A30E /* Supporting Files */ = {
			isa = PBXGroup;
			children = (
				A8259F5D1D5AC6B60030A30E /* main.m */,
			);
			name = "Supporting Files";
			sourceTree = "<group>";
		};
		A8259F751D5AC6B60030A30E /* AddressbookDemoUITests */ = {
			isa = PBXGroup;
			children = (
				A8259F761D5AC6B60030A30E /* AddressbookDemoUITests.m */,
				A8259F781D5AC6B60030A30E /* Info.plist */,
			);
			path = AddressbookDemoUITests;
			sourceTree = "<group>";
		};
		A8259F861D5AC8E10030A30E /* Framework */ = {
			isa = PBXGroup;
			children = (
				A8259F871D5AC8F80030A30E /* AddressBook.framework */,
			);
			path = Framework;
			sourceTree = "<group>";
		};
/* End PBXGroup section */

/* Begin PBXNativeTarget section */
		A8259F581D5AC6B60030A30E /* AddressbookDemo */ = {
			isa = PBXNativeTarget;
			buildConfigurationList = A8259F7B1D5AC6B60030A30E /* Build configuration list for PBXNativeTarget "AddressbookDemo" */;
			buildPhases = (
				A8259F551D5AC6B60030A30E /* Sources */,
				A8259F561D5AC6B60030A30E /* Frameworks */,
				A8259F571D5AC6B60030A30E /* Resources */,
			);
			buildRules = (
			);
			dependencies = (
			);
			name = AddressbookDemo;
			productName = AddressbookDemo;
			productReference = A8259F591D5AC6B60030A30E /* AddressbookDemo.app */;
			productType = "com.apple.product-type.application";
		};
		A8259F711D5AC6B60030A30E /* AddressbookDemoUITests */ = {
			isa = PBXNativeTarget;
			buildConfigurationList = A8259F7E1D5AC6B60030A30E /* Build configuration list for PBXNativeTarget "AddressbookDemoUITests" */;
			buildPhases = (
				A8259F6E1D5AC6B60030A30E /* Sources */,
				A8259F6F1D5AC6B60030A30E /* Frameworks */,
				A8259F701D5AC6B60030A30E /* Resources */,
			);
			buildRules = (
			);
			dependencies = (
				A8259F741D5AC6B60030A30E /* PBXTargetDependency */,
			);
			name = AddressbookDemoUITests;
			productName = AddressbookDemoUITests;
			productReference = A8259F721D5AC6B60030A30E /* AddressbookDemoUITests.xctest */;
			productType = "com.apple.product-type.bundle.ui-testing";
		};
/* End PBXNativeTarget section */

/* Begin PBXProject section */
		A8259F511D5AC6B60030A30E /* Project object */ = {
			isa = PBXProject;
			attributes = {
				LastUpgradeCheck = 0730;
				ORGANIZATIONNAME = SXiao.RR;
				TargetAttributes = {
					A8259F581D5AC6B60030A30E = {
						CreatedOnToolsVersion = 7.3;
					};
					A8259F711D5AC6B60030A30E = {
						CreatedOnToolsVersion = 7.3;
						TestTargetID = A8259F581D5AC6B60030A30E;
					};
				};
			};
			buildConfigurationList = A8259F541D5AC6B60030A30E /* Build configuration list for PBXProject "AddressbookDemo" */;
			compatibilityVersion = "Xcode 3.2";
			developmentRegion = English;
			hasScannedForEncodings = 0;
			knownRegions = (
				en,
				Base,
			);
			mainGroup = A8259F501D5AC6B60030A30E;
			productRefGroup = A8259F5A1D5AC6B60030A30E /* Products */;
			projectDirPath = "";
			projectRoot = "";
			targets = (
				A8259F581D5AC6B60030A30E /* AddressbookDemo */,
				A8259F711D5AC6B60030A30E /* AddressbookDemoUITests */,
			);
		};
/* End PBXProject section */

/* Begin PBXResourcesBuildPhase section */
		A8259F571D5AC6B60030A30E /* Resources */ = {
			isa = PBXResourcesBuildPhase;
			buildActionMask = 2147483647;
			files = (
				A8259F6C1D5AC6B60030A30E /* LaunchScreen.storyboard in Resources */,
				A8259F691D5AC6B60030A30E /* Assets.xcassets in Resources */,
				A8259F671D5AC6B60030A30E /* Main.storyboard in Resources */,
			);
			runOnlyForDeploymentPostprocessing = 0;
		};
		A8259F701D5AC6B60030A30E /* Resources */ = {
			isa = PBXResourcesBuildPhase;
			buildActionMask = 2147483647;
			files = (
			);
			runOnlyForDeploymentPostprocessing = 0;
		};
/* End PBXResourcesBuildPhase section */

/* Begin PBXSourcesBuildPhase section */
		A8259F551D5AC6B60030A30E /* Sources */ = {
			isa = PBXSourcesBuildPhase;
			buildActionMask = 2147483647;
			files = (
				A8259F641D5AC6B60030A30E /* ViewController.m in Sources */,
				A8259F611D5AC6B60030A30E /* AppDelegate.m in Sources */,
				A8259F5E1D5AC6B60030A30E /* main.m in Sources */,
				A8259F831D5AC6FB0030A30E /* AddressBookManager.m in Sources */,
			);
			runOnlyForDeploymentPostprocessing = 0;
		};
		A8259F6E1D5AC6B60030A30E /* Sources */ = {
			isa = PBXSourcesBuildPhase;
			buildActionMask = 2147483647;
			files = (
				A8259F771D5AC6B60030A30E /* AddressbookDemoUITests.m in Sources */,
			);
			runOnlyForDeploymentPostprocessing = 0;
		};
/* End PBXSourcesBuildPhase section */

/* Begin PBXTargetDependency section */
		A8259F741D5AC6B60030A30E /* PBXTargetDependency */ = {
			isa = PBXTargetDependency;
			target = A8259F581D5AC6B60030A30E /* AddressbookDemo */;
			targetProxy = A8259F731D5AC6B60030A30E /* PBXContainerItemProxy */;
		};
/* End PBXTargetDependency section */

/* Begin PBXVariantGroup section */
		A8259F651D5AC6B60030A30E /* Main.storyboard */ = {
			isa = PBXVariantGroup;
			children = (
				A8259F661D5AC6B60030A30E /* Base */,
			);
			name = Main.storyboard;
			sourceTree = "<group>";
		};
		A8259F6A1D5AC6B60030A30E /* LaunchScreen.storyboard */ = {
			isa = PBXVariantGroup;
			children = (
				A8259F6B1D5AC6B60030A30E /* Base */,
			);
			name = LaunchScreen.storyboard;
			sourceTree = "<group>";
		};
/* End PBXVariantGroup section */

/* Begin XCBuildConfiguration section */
		A8259F791D5AC6B60030A30E /* Debug */ = {
			isa = XCBuildConfiguration;
			buildSettings = {
				ALWAYS_SEARCH_USER_PATHS = NO;
				CLANG_ANALYZER_NONNULL = YES;
				CLANG_CXX_LANGUAGE_STANDARD = "gnu++0x";
				CLANG_CXX_LIBRARY = "libc++";
				CLANG_ENABLE_MODULES = YES;
				CLANG_ENABLE_OBJC_ARC = YES;
				CLANG_WARN_BOOL_CONVERSION = YES;
				CLANG_WARN_CONSTANT_CONVERSION = YES;
				CLANG_WARN_DIRECT_OBJC_ISA_USAGE = YES_ERROR;
				CLANG_WARN_EMPTY_BODY = YES;
				CLANG_WARN_ENUM_CONVERSION = YES;
				CLANG_WARN_INT_CONVERSION = YES;
				CLANG_WARN_OBJC_ROOT_CLASS = YES_ERROR;
				CLANG_WARN_UNREACHABLE_CODE = YES;
				CLANG_WARN__DUPLICATE_METHOD_MATCH = YES;
				"CODE_SIGN_IDENTITY[sdk=iphoneos*]" = "iPhone Developer";
				COPY_PHASE_STRIP = NO;
				DEBUG_INFORMATION_FORMAT = dwarf;
				ENABLE_STRICT_OBJC_MSGSEND = YES;
				ENABLE_TESTABILITY = YES;
				GCC_C_LANGUAGE_STANDARD = gnu99;
				GCC_DYNAMIC_NO_PIC = NO;
				GCC_NO_COMMON_BLOCKS = YES;
				GCC_OPTIMIZATION_LEVEL = 0;
				GCC_PREPROCESSOR_DEFINITIONS = (
					"DEBUG=1",
					"$(inherited)",
				);
				GCC_WARN_64_TO_32_BIT_CONVERSION = YES;
				GCC_WARN_ABOUT_RETURN_TYPE = YES_ERROR;
				GCC_WARN_UNDECLARED_SELECTOR = YES;
				GCC_WARN_UNINITIALIZED_AUTOS = YES_AGGRESSIVE;
				GCC_WARN_UNUSED_FUNCTION = YES;
				GCC_WARN_UNUSED_VARIABLE = YES;
				IPHONEOS_DEPLOYMENT_TARGET = 9.3;
				MTL_ENABLE_DEBUG_INFO = YES;
				ONLY_ACTIVE_ARCH = YES;
				SDKROOT = iphoneos;
			};
			name = Debug;
		};
		A8259F7A1D5AC6B60030A30E /* Release */ = {
			isa = XCBuildConfiguration;
			buildSettings = {
				ALWAYS_SEARCH_USER_PATHS = NO;
				CLANG_ANALYZER_NONNULL = YES;
				CLANG_CXX_LANGUAGE_STANDARD = "gnu++0x";
				CLANG_CXX_LIBRARY = "libc++";
				CLANG_ENABLE_MODULES = YES;
				CLANG_ENABLE_OBJC_ARC = YES;
				CLANG_WARN_BOOL_CONVERSION = YES;
				CLANG_WARN_CONSTANT_CONVERSION = YES;
				CLANG_WARN_DIRECT_OBJC_ISA_USAGE = YES_ERROR;
				CLANG_WARN_EMPTY_BODY = YES;
				CLANG_WARN_ENUM_CONVERSION = YES;
				CLANG_WARN_INT_CONVERSION = YES;
				CLANG_WARN_OBJC_ROOT_CLASS = YES_ERROR;
				CLANG_WARN_UNREACHABLE_CODE = YES;
				CLANG_WARN__DUPLICATE_METHOD_MATCH = YES;
				"CODE_SIGN_IDENTITY[sdk=iphoneos*]" = "iPhone Developer";
				COPY_PHASE_STRIP = NO;
				DEBUG_INFORMATION_FORMAT = "dwarf-with-dsym";
				ENABLE_NS_ASSERTIONS = NO;
				ENABLE_STRICT_OBJC_MSGSEND = YES;
				GCC_C_LANGUAGE_STANDARD = gnu99;
				GCC_NO_COMMON_BLOCKS = YES;
				GCC_WARN_64_TO_32_BIT_CONVERSION = YES;
				GCC_WARN_ABOUT_RETURN_TYPE = YES_ERROR;
				GCC_WARN_UNDECLARED_SELECTOR = YES;
				GCC_WARN_UNINITIALIZED_AUTOS = YES_AGGRESSIVE;
				GCC_WARN_UNUSED_FUNCTION = YES;
				GCC_WARN_UNUSED_VARIABLE = YES;
				IPHONEOS_DEPLOYMENT_TARGET = 9.3;
				MTL_ENABLE_DEBUG_INFO = NO;
				SDKROOT = iphoneos;
				VALIDATE_PRODUCT = YES;
			};
			name = Release;
		};
		A8259F7C1D5AC6B60030A30E /* Debug */ = {
			isa = XCBuildConfiguration;
			buildSettings = {
				ASSETCATALOG_COMPILER_APPICON_NAME = AppIcon;
				INFOPLIST_FILE = AddressbookDemo/Info.plist;
				IPHONEOS_DEPLOYMENT_TARGET = 8.0;
				LD_RUNPATH_SEARCH_PATHS = "$(inherited) @executable_path/Frameworks";
				PRODUCT_BUNDLE_IDENTIFIER = com.Sxiao.project.AddressbookDemo;
				PRODUCT_NAME = "$(TARGET_NAME)";
			};
			name = Debug;
		};
		A8259F7D1D5AC6B60030A30E /* Release */ = {
			isa = XCBuildConfiguration;
			buildSettings = {
				ASSETCATALOG_COMPILER_APPICON_NAME = AppIcon;
				INFOPLIST_FILE = AddressbookDemo/Info.plist;
				IPHONEOS_DEPLOYMENT_TARGET = 8.0;
				LD_RUNPATH_SEARCH_PATHS = "$(inherited) @executable_path/Frameworks";
				PRODUCT_BUNDLE_IDENTIFIER = com.Sxiao.project.AddressbookDemo;
				PRODUCT_NAME = "$(TARGET_NAME)";
			};
			name = Release;
		};
		A8259F7F1D5AC6B60030A30E /* Debug */ = {
			isa = XCBuildConfiguration;
			buildSettings = {
				INFOPLIST_FILE = AddressbookDemoUITests/Info.plist;
				LD_RUNPATH_SEARCH_PATHS = "$(inherited) @executable_path/Frameworks @loader_path/Frameworks";
				PRODUCT_BUNDLE_IDENTIFIER = com.Sxiao.project.AddressbookDemoUITests;
				PRODUCT_NAME = "$(TARGET_NAME)";
				TEST_TARGET_NAME = AddressbookDemo;
			};
			name = Debug;
		};
		A8259F801D5AC6B60030A30E /* Release */ = {
			isa = XCBuildConfiguration;
			buildSettings = {
				INFOPLIST_FILE = AddressbookDemoUITests/Info.plist;
				LD_RUNPATH_SEARCH_PATHS = "$(inherited) @executable_path/Frameworks @loader_path/Frameworks";
				PRODUCT_BUNDLE_IDENTIFIER = com.Sxiao.project.AddressbookDemoUITests;
				PRODUCT_NAME = "$(TARGET_NAME)";
				TEST_TARGET_NAME = AddressbookDemo;
			};
			name = Release;
		};
/* End XCBuildConfiguration section */

/* Begin XCConfigurationList section */
		A8259F541D5AC6B60030A30E /* Build configuration list for PBXProject "AddressbookDemo" */ = {
			isa = XCConfigurationList;
			buildConfigurations = (
				A8259F791D5AC6B60030A30E /* Debug */,
				A8259F7A1D5AC6B60030A30E /* Release */,
			);
			defaultConfigurationIsVisible = 0;
			defaultConfigurationName = Release;
		};
		A8259F7B1D5AC6B60030A30E /* Build configuration list for PBXNativeTarget "AddressbookDemo" */ = {
			isa = XCConfigurationList;
			buildConfigurations = (
				A8259F7C1D5AC6B60030A30E /* Debug */,
				A8259F7D1D5AC6B60030A30E /* Release */,
			);
			defaultConfigurationIsVisible = 0;
		};
		A8259F7E1D5AC6B60030A30E /* Build configuration list for PBXNativeTarget "AddressbookDemoUITests" */ = {
			isa = XCConfigurationList;
			buildConfigurations = (
				A8259F7F1D5AC6B60030A30E /* Debug */,
				A8259F801D5AC6B60030A30E /* Release */,
			);
			defaultConfigurationIsVisible = 0;
		};
/* End XCConfigurationList section */
	};
	rootObject = A8259F511D5AC6B60030A30E /* Project object */;
}
